// !$*UTF8*$!
{
	archiveVersion = 1;
	classes = {
	};
	objectVersion = 48;
	objects = {

/* Begin PBXBuildFile section */
		811489BA206B4F500085557B /* Constants.swift in Sources */ = {isa = PBXBuildFile; fileRef = 811489B9206B4F500085557B /* Constants.swift */; };
		81EE3E032069338400E6314A /* AppDelegate.swift in Sources */ = {isa = PBXBuildFile; fileRef = 81EE3E022069338400E6314A /* AppDelegate.swift */; };
		81EE3E052069338400E6314A /* art.scnassets in Resources */ = {isa = PBXBuildFile; fileRef = 81EE3E042069338400E6314A /* art.scnassets */; };
		81EE3E072069338400E6314A /* ViewController.swift in Sources */ = {isa = PBXBuildFile; fileRef = 81EE3E062069338400E6314A /* ViewController.swift */; };
		81EE3E0A2069338400E6314A /* Main.storyboard in Resources */ = {isa = PBXBuildFile; fileRef = 81EE3E082069338400E6314A /* Main.storyboard */; };
		81EE3E0C2069338400E6314A /* Assets.xcassets in Resources */ = {isa = PBXBuildFile; fileRef = 81EE3E0B2069338400E6314A /* Assets.xcassets */; };
		81EE3E0F2069338400E6314A /* LaunchScreen.storyboard in Resources */ = {isa = PBXBuildFile; fileRef = 81EE3E0D2069338400E6314A /* LaunchScreen.storyboard */; };
		81EE3E172069C45300E6314A /* ARObjectUtils.swift in Sources */ = {isa = PBXBuildFile; fileRef = 81EE3E162069C45300E6314A /* ARObjectUtils.swift */; };
		81EE3E192069C9EF00E6314A /* SwiftNotice.swift in Sources */ = {isa = PBXBuildFile; fileRef = 81EE3E182069C9EF00E6314A /* SwiftNotice.swift */; };
		81EE3E1B2069D25900E6314A /* ReactionUtils.swift in Sources */ = {isa = PBXBuildFile; fileRef = 81EE3E1A2069D25900E6314A /* ReactionUtils.swift */; };
		81EE3E1D2069D3D400E6314A /* PriorityQueue.swift in Sources */ = {isa = PBXBuildFile; fileRef = 81EE3E1C2069D3D400E6314A /* PriorityQueue.swift */; };
		81EE3E21206A777900E6314A /* AnimationToolKit.swift in Sources */ = {isa = PBXBuildFile; fileRef = 81EE3E20206A777900E6314A /* AnimationToolKit.swift */; };
/* End PBXBuildFile section */

/* Begin PBXFileReference section */
		811489B9206B4F500085557B /* Constants.swift */ = {isa = PBXFileReference; lastKnownFileType = sourcecode.swift; path = Constants.swift; sourceTree = "<group>"; };
		81EE3DFF2069338400E6314A /* ARAtomicLab.app */ = {isa = PBXFileReference; explicitFileType = wrapper.application; includeInIndex = 0; path = ARAtomicLab.app; sourceTree = BUILT_PRODUCTS_DIR; };
		81EE3E022069338400E6314A /* AppDelegate.swift */ = {isa = PBXFileReference; lastKnownFileType = sourcecode.swift; path = AppDelegate.swift; sourceTree = "<group>"; };
		81EE3E042069338400E6314A /* art.scnassets */ = {isa = PBXFileReference; lastKnownFileType = wrapper.scnassets; path = art.scnassets; sourceTree = "<group>"; };
		81EE3E062069338400E6314A /* ViewController.swift */ = {isa = PBXFileReference; lastKnownFileType = sourcecode.swift; path = ViewController.swift; sourceTree = "<group>"; };
		81EE3E092069338400E6314A /* Base */ = {isa = PBXFileReference; lastKnownFileType = file.storyboard; name = Base; path = Base.lproj/Main.storyboard; sourceTree = "<group>"; };
		81EE3E0B2069338400E6314A /* Assets.xcassets */ = {isa = PBXFileReference; lastKnownFileType = folder.assetcatalog; path = Assets.xcassets; sourceTree = "<group>"; };
		81EE3E0E2069338400E6314A /* Base */ = {isa = PBXFileReference; lastKnownFileType = file.storyboard; name = Base; path = Base.lproj/LaunchScreen.storyboard; sourceTree = "<group>"; };
		81EE3E102069338400E6314A /* Info.plist */ = {isa = PBXFileReference; lastKnownFileType = text.plist.xml; path = Info.plist; sourceTree = "<group>"; };
		81EE3E162069C45300E6314A /* ARObjectUtils.swift */ = {isa = PBXFileReference; lastKnownFileType = sourcecode.swift; path = ARObjectUtils.swift; sourceTree = "<group>"; };
		81EE3E182069C9EF00E6314A /* SwiftNotice.swift */ = {isa = PBXFileReference; lastKnownFileType = sourcecode.swift; path = SwiftNotice.swift; sourceTree = "<group>"; };
		81EE3E1A2069D25900E6314A /* ReactionUtils.swift */ = {isa = PBXFileReference; lastKnownFileType = sourcecode.swift; path = ReactionUtils.swift; sourceTree = "<group>"; };
		81EE3E1C2069D3D400E6314A /* PriorityQueue.swift */ = {isa = PBXFileReference; lastKnownFileType = sourcecode.swift; path = PriorityQueue.swift; sourceTree = "<group>"; };
		81EE3E20206A777900E6314A /* AnimationToolKit.swift */ = {isa = PBXFileReference; lastKnownFileType = sourcecode.swift; path = AnimationToolKit.swift; sourceTree = "<group>"; };
/* End PBXFileReference section */

/* Begin PBXFrameworksBuildPhase section */
		81EE3DFC2069338400E6314A /* Frameworks */ = {
			isa = PBXFrameworksBuildPhase;
			buildActionMask = 2147483647;
			files = (
			);
			runOnlyForDeploymentPostprocessing = 0;
		};
/* End PBXFrameworksBuildPhase section */

/* Begin PBXGroup section */
		811489B8206B3BAA0085557B /* Utils */ = {
			isa = PBXGroup;
			children = (
				81EE3E20206A777900E6314A /* AnimationToolKit.swift */,
				81EE3E182069C9EF00E6314A /* SwiftNotice.swift */,
				81EE3E1C2069D3D400E6314A /* PriorityQueue.swift */,
				81EE3E162069C45300E6314A /* ARObjectUtils.swift */,
				81EE3E1A2069D25900E6314A /* ReactionUtils.swift */,
			);
			path = Utils;
			sourceTree = "<group>";
		};
		81EE3DF62069338400E6314A = {
			isa = PBXGroup;
			children = (
				81EE3E012069338400E6314A /* ARAtomicLab */,
				81EE3E002069338400E6314A /* Products */,
			);
			sourceTree = "<group>";
		};
		81EE3E002069338400E6314A /* Products */ = {
			isa = PBXGroup;
			children = (
				81EE3DFF2069338400E6314A /* ARAtomicLab.app */,
			);
			name = Products;
			sourceTree = "<group>";
		};
		81EE3E012069338400E6314A /* ARAtomicLab */ = {
			isa = PBXGroup;
			children = (
				811489B8206B3BAA0085557B /* Utils */,
				81EE3E022069338400E6314A /* AppDelegate.swift */,
				81EE3E042069338400E6314A /* art.scnassets */,
				81EE3E062069338400E6314A /* ViewController.swift */,
				81EE3E082069338400E6314A /* Main.storyboard */,
				81EE3E0B2069338400E6314A /* Assets.xcassets */,
				81EE3E0D2069338400E6314A /* LaunchScreen.storyboard */,
				81EE3E102069338400E6314A /* Info.plist */,
				811489B9206B4F500085557B /* Constants.swift */,
			);
			path = ARAtomicLab;
			sourceTree = "<group>";
		};
/* End PBXGroup section */

/* Begin PBXNativeTarget section */
		81EE3DFE2069338400E6314A /* ARAtomicLab */ = {
			isa = PBXNativeTarget;
			buildConfigurationList = 81EE3E132069338400E6314A /* Build configuration list for PBXNativeTarget "ARAtomicLab" */;
			buildPhases = (
				81EE3DFB2069338400E6314A /* Sources */,
				81EE3DFC2069338400E6314A /* Frameworks */,
				81EE3DFD2069338400E6314A /* Resources */,
			);
			buildRules = (
			);
			dependencies = (
			);
			name = ARAtomicLab;
			productName = ARAtomicLab;
			productReference = 81EE3DFF2069338400E6314A /* ARAtomicLab.app */;
			productType = "com.apple.product-type.application";
		};
/* End PBXNativeTarget section */

/* Begin PBXProject section */
		81EE3DF72069338400E6314A /* Project object */ = {
			isa = PBXProject;
			attributes = {
				LastSwiftUpdateCheck = 0920;
				LastUpgradeCheck = 0920;
				ORGANIZATIONNAME = "Deyuan He";
				TargetAttributes = {
					81EE3DFE2069338400E6314A = {
						CreatedOnToolsVersion = 9.2;
						ProvisioningStyle = Automatic;
					};
				};
			};
			buildConfigurationList = 81EE3DFA2069338400E6314A /* Build configuration list for PBXProject "ARAtomicLab" */;
			compatibilityVersion = "Xcode 8.0";
			developmentRegion = en;
			hasScannedForEncodings = 0;
			knownRegions = (
				en,
				Base,
			);
			mainGroup = 81EE3DF62069338400E6314A;
			productRefGroup = 81EE3E002069338400E6314A /* Products */;
			projectDirPath = "";
			projectRoot = "";
			targets = (
				81EE3DFE2069338400E6314A /* ARAtomicLab */,
			);
		};
/* End PBXProject section */

/* Begin PBXResourcesBuildPhase section */
		81EE3DFD2069338400E6314A /* Resources */ = {
			isa = PBXResourcesBuildPhase;
			buildActionMask = 2147483647;
			files = (
				81EE3E052069338400E6314A /* art.scnassets in Resources */,
				81EE3E0F2069338400E6314A /* LaunchScreen.storyboard in Resources */,
				81EE3E0C2069338400E6314A /* Assets.xcassets in Resources */,
				81EE3E0A2069338400E6314A /* Main.storyboard in Resources */,
			);
			runOnlyForDeploymentPostprocessing = 0;
		};
/* End PBXResourcesBuildPhase section */

/* Begin PBXSourcesBuildPhase section */
		81EE3DFB2069338400E6314A /* Sources */ = {
			isa = PBXSourcesBuildPhase;
			buildActionMask = 2147483647;
			files = (
				81EE3E172069C45300E6314A /* ARObjectUtils.swift in Sources */,
				81EE3E072069338400E6314A /* ViewController.swift in Sources */,
				81EE3E032069338400E6314A /* AppDelegate.swift in Sources */,
				81EE3E1B2069D25900E6314A /* ReactionUtils.swift in Sources */,
				81EE3E192069C9EF00E6314A /* SwiftNotice.swift in Sources */,
				81EE3E21206A777900E6314A /* AnimationToolKit.swift in Sources */,
				81EE3E1D2069D3D400E6314A /* PriorityQueue.swift in Sources */,
				811489BA206B4F500085557B /* Constants.swift in Sources */,
			);
			runOnlyForDeploymentPostprocessing = 0;
		};
/* End PBXSourcesBuildPhase section */

/* Begin PBXVariantGroup section */
		81EE3E082069338400E6314A /* Main.storyboard */ = {
			isa = PBXVariantGroup;
			children = (
				81EE3E092069338400E6314A /* Base */,
			);
			name = Main.storyboard;
			sourceTree = "<group>";
		};
		81EE3E0D2069338400E6314A /* LaunchScreen.storyboard */ = {
			isa = PBXVariantGroup;
			children = (
				81EE3E0E2069338400E6314A /* Base */,
			);
			name = LaunchScreen.storyboard;
			sourceTree = "<group>";
		};
/* End PBXVariantGroup section */

/* Begin XCBuildConfiguration section */
		81EE3E112069338400E6314A /* Debug */ = {
			isa = XCBuildConfiguration;
			buildSettings = {
				ALWAYS_SEARCH_USER_PATHS = NO;
				CLANG_ANALYZER_NONNULL = YES;
				CLANG_ANALYZER_NUMBER_OBJECT_CONVERSION = YES_AGGRESSIVE;
				CLANG_CXX_LANGUAGE_STANDARD = "gnu++14";
				CLANG_CXX_LIBRARY = "libc++";
				CLANG_ENABLE_MODULES = YES;
				CLANG_ENABLE_OBJC_ARC = YES;
				CLANG_WARN_BLOCK_CAPTURE_AUTORELEASING = YES;
				CLANG_WARN_BOOL_CONVERSION = YES;
				CLANG_WARN_COMMA = YES;
				CLANG_WARN_CONSTANT_CONVERSION = YES;
				CLANG_WARN_DIRECT_OBJC_ISA_USAGE = YES_ERROR;
				CLANG_WARN_DOCUMENTATION_COMMENTS = YES;
				CLANG_WARN_EMPTY_BODY = YES;
				CLANG_WARN_ENUM_CONVERSION = YES;
				CLANG_WARN_INFINITE_RECURSION = YES;
				CLANG_WARN_INT_CONVERSION = YES;
				CLANG_WARN_NON_LITERAL_NULL_CONVERSION = YES;
				CLANG_WARN_OBJC_LITERAL_CONVERSION = YES;
				CLANG_WARN_OBJC_ROOT_CLASS = YES_ERROR;
				CLANG_WARN_RANGE_LOOP_ANALYSIS = YES;
				CLANG_WARN_STRICT_PROTOTYPES = YES;
				CLANG_WARN_SUSPICIOUS_MOVE = YES;
				CLANG_WARN_UNGUARDED_AVAILABILITY = YES_AGGRESSIVE;
				CLANG_WARN_UNREACHABLE_CODE = YES;
				CLANG_WARN__DUPLICATE_METHOD_MATCH = YES;
				CODE_SIGN_IDENTITY = "iPhone Developer";
				COPY_PHASE_STRIP = NO;
				DEBUG_INFORMATION_FORMAT = dwarf;
				ENABLE_STRICT_OBJC_MSGSEND = YES;
				ENABLE_TESTABILITY = YES;
				GCC_C_LANGUAGE_STANDARD = gnu11;
				GCC_DYNAMIC_NO_PIC = NO;
				GCC_NO_COMMON_BLOCKS = YES;
				GCC_OPTIMIZATION_LEVEL = 0;
				GCC_PREPROCESSOR_DEFINITIONS = (
					"DEBUG=1",
					"$(inherited)",
				);
				GCC_WARN_64_TO_32_BIT_CONVERSION = YES;
				GCC_WARN_ABOUT_RETURN_TYPE = YES_ERROR;
				GCC_WARN_UNDECLARED_SELECTOR = YES;
				GCC_WARN_UNINITIALIZED_AUTOS = YES_AGGRESSIVE;
				GCC_WARN_UNUSED_FUNCTION = YES;
				GCC_WARN_UNUSED_VARIABLE = YES;
				IPHONEOS_DEPLOYMENT_TARGET = 11.2;
				MTL_ENABLE_DEBUG_INFO = YES;
				ONLY_ACTIVE_ARCH = YES;
				SDKROOT = iphoneos;
				SWIFT_ACTIVE_COMPILATION_CONDITIONS = DEBUG;
				SWIFT_OPTIMIZATION_LEVEL = "-Onone";
			};
			name = Debug;
		};
		81EE3E122069338400E6314A /* Release */ = {
			isa = XCBuildConfiguration;
			buildSettings = {
				ALWAYS_SEARCH_USER_PATHS = NO;
				CLANG_ANALYZER_NONNULL = YES;
				CLANG_ANALYZER_NUMBER_OBJECT_CONVERSION = YES_AGGRESSIVE;
				CLANG_CXX_LANGUAGE_STANDARD = "gnu++14";
				CLANG_CXX_LIBRARY = "libc++";
				CLANG_ENABLE_MODULES = YES;
				CLANG_ENABLE_OBJC_ARC = YES;
				CLANG_WARN_BLOCK_CAPTURE_AUTORELEASING = YES;
				CLANG_WARN_BOOL_CONVERSION = YES;
				CLANG_WARN_COMMA = YES;
				CLANG_WARN_CONSTANT_CONVERSION = YES;
				CLANG_WARN_DIRECT_OBJC_ISA_USAGE = YES_ERROR;
				CLANG_WARN_DOCUMENTATION_COMMENTS = YES;
				CLANG_WARN_EMPTY_BODY = YES;
				CLANG_WARN_ENUM_CONVERSION = YES;
				CLANG_WARN_INFINITE_RECURSION = YES;
				CLANG_WARN_INT_CONVERSION = YES;
				CLANG_WARN_NON_LITERAL_NULL_CONVERSION = YES;
				CLANG_WARN_OBJC_LITERAL_CONVERSION = YES;
				CLANG_WARN_OBJC_ROOT_CLASS = YES_ERROR;
				CLANG_WARN_RANGE_LOOP_ANALYSIS = YES;
				CLANG_WARN_STRICT_PROTOTYPES = YES;
				CLANG_WARN_SUSPICIOUS_MOVE = YES;
				CLANG_WARN_UNGUARDED_AVAILABILITY = YES_AGGRESSIVE;
				CLANG_WARN_UNREACHABLE_CODE = YES;
				CLANG_WARN__DUPLICATE_METHOD_MATCH = YES;
				CODE_SIGN_IDENTITY = "iPhone Developer";
				COPY_PHASE_STRIP = NO;
				DEBUG_INFORMATION_FORMAT = "dwarf-with-dsym";
				ENABLE_NS_ASSERTIONS = NO;
				ENABLE_STRICT_OBJC_MSGSEND = YES;
				GCC_C_LANGUAGE_STANDARD = gnu11;
				GCC_NO_COMMON_BLOCKS = YES;
				GCC_WARN_64_TO_32_BIT_CONVERSION = YES;
				GCC_WARN_ABOUT_RETURN_TYPE = YES_ERROR;
				GCC_WARN_UNDECLARED_SELECTOR = YES;
				GCC_WARN_UNINITIALIZED_AUTOS = YES_AGGRESSIVE;
				GCC_WARN_UNUSED_FUNCTION = YES;
				GCC_WARN_UNUSED_VARIABLE = YES;
				IPHONEOS_DEPLOYMENT_TARGET = 11.2;
				MTL_ENABLE_DEBUG_INFO = NO;
				SDKROOT = iphoneos;
				SWIFT_OPTIMIZATION_LEVEL = "-Owholemodule";
				VALIDATE_PRODUCT = YES;
			};
			name = Release;
		};
		81EE3E142069338400E6314A /* Debug */ = {
			isa = XCBuildConfiguration;
			buildSettings = {
				ASSETCATALOG_COMPILER_APPICON_NAME = AppIcon;
				CODE_SIGN_STYLE = Automatic;
				DEVELOPMENT_TEAM = QYB43NU3X2;
				INFOPLIST_FILE = ARAtomicLab/Info.plist;
				LD_RUNPATH_SEARCH_PATHS = "$(inherited) @executable_path/Frameworks";
				PRODUCT_BUNDLE_IDENTIFIER = BNDS.ARAtomicLab;
				PRODUCT_NAME = "$(TARGET_NAME)";
				SWIFT_VERSION = 4.0;
				TARGETED_DEVICE_FAMILY = "1,2";
			};
			name = Debug;
		};
		81EE3E152069338400E6314A /* Release */ = {
			isa = XCBuildConfiguration;
			buildSettings = {
				ASSETCATALOG_COMPILER_APPICON_NAME = AppIcon;
				CODE_SIGN_STYLE = Automatic;
				DEVELOPMENT_TEAM = QYB43NU3X2;
				INFOPLIST_FILE = ARAtomicLab/Info.plist;
				LD_RUNPATH_SEARCH_PATHS = "$(inherited) @executable_path/Frameworks";
				PRODUCT_BUNDLE_IDENTIFIER = BNDS.ARAtomicLab;
				PRODUCT_NAME = "$(TARGET_NAME)";
				SWIFT_VERSION = 4.0;
				TARGETED_DEVICE_FAMILY = "1,2";
			};
			name = Release;
		};
/* End XCBuildConfiguration section */

/* Begin XCConfigurationList section */
		81EE3DFA2069338400E6314A /* Build configuration list for PBXProject "ARAtomicLab" */ = {
			isa = XCConfigurationList;
			buildConfigurations = (
				81EE3E112069338400E6314A /* Debug */,
				81EE3E122069338400E6314A /* Release */,
			);
			defaultConfigurationIsVisible = 0;
			defaultConfigurationName = Release;
		};
		81EE3E132069338400E6314A /* Build configuration list for PBXNativeTarget "ARAtomicLab" */ = {
			isa = XCConfigurationList;
			buildConfigurations = (
				81EE3E142069338400E6314A /* Debug */,
				81EE3E152069338400E6314A /* Release */,
			);
			defaultConfigurationIsVisible = 0;
			defaultConfigurationName = Release;
		};
/* End XCConfigurationList section */
	};
	rootObject = 81EE3DF72069338400E6314A /* Project object */;
}
